<?xml version="1.0" encoding="utf-8"?>
<Project ToolsVersion="4.0" xmlns="http://schemas.microsoft.com/developer/msbuild/2003">
  <ItemGroup>
    <Filter Include="Dependencies">
      <UniqueIdentifier>{6C01343A-5864-C3DE-01EA-FB94ED2B8F61}</UniqueIdentifier>
    </Filter>
    <Filter Include="Dependencies\stb_image">
      <UniqueIdentifier>{0669C0A7-F262-E9F9-DBCF-7F0AC7684F66}</UniqueIdentifier>
    </Filter>
    <Filter Include="src">
      <UniqueIdentifier>{2DAB880B-99B4-887C-2230-9F7C8E38947C}</UniqueIdentifier>
    </Filter>
    <Filter Include="src\HuaEngine">
      <UniqueIdentifier>{D0C7B2C2-3C88-2EF9-05C3-7776714273D5}</UniqueIdentifier>
    </Filter>
    <Filter Include="src\HuaEngine\Core">
      <UniqueIdentifier>{284E315D-1432-F2B2-7D92-EC056995DC34}</UniqueIdentifier>
    </Filter>
    <Filter Include="src\HuaEngine\Events">
      <UniqueIdentifier>{B489DF73-A018-693D-4937-7D3835A579E3}</UniqueIdentifier>
    </Filter>
    <Filter Include="src\HuaEngine\GUI">
      <UniqueIdentifier>{E42E8DEB-5045-8B81-99BC-16A305125C09}</UniqueIdentifier>
    </Filter>
    <Filter Include="src\HuaEngine\Platform">
      <UniqueIdentifier>{24CE0606-10C8-2F58-F934-C668E5CD95C4}</UniqueIdentifier>
    </Filter>
    <Filter Include="src\HuaEngine\Platform\OpenGL">
      <UniqueIdentifier>{D8A63158-44BF-1882-0D6C-A81B7943AD1B}</UniqueIdentifier>
    </Filter>
    <Filter Include="src\HuaEngine\Platform\Windows">
      <UniqueIdentifier>{5E5C82B6-4A82-4C1D-33C8-D1E81F8D71E9}</UniqueIdentifier>
    </Filter>
    <Filter Include="src\HuaEngine\Profiling">
      <UniqueIdentifier>{4928A765-B55F-EFFC-BE69-53202A2016F6}</UniqueIdentifier>
    </Filter>
    <Filter Include="src\HuaEngine\Renderer">
      <UniqueIdentifier>{76D5E3E0-62CF-0C33-4B3C-A34337D5729F}</UniqueIdentifier>
    </Filter>
  </ItemGroup>
  <ItemGroup>
    <ClInclude Include="..\Dependencies\stb_image\stb_image.h">
      <Filter>Dependencies\stb_image</Filter>
    </ClInclude>
    <ClInclude Include="src\HuaEngine.h">
      <Filter>src</Filter>
    </ClInclude>
    <ClInclude Include="src\HuaEngine\Application.h">
      <Filter>src\HuaEngine</Filter>
    </ClInclude>
    <ClInclude Include="src\HuaEngine\Core\Assert.h">
      <Filter>src\HuaEngine\Core</Filter>
    </ClInclude>
    <ClInclude Include="src\HuaEngine\Core\Core.h">
      <Filter>src\HuaEngine\Core</Filter>
    </ClInclude>
    <ClInclude Include="src\HuaEngine\Core\Input.h">
      <Filter>src\HuaEngine\Core</Filter>
    </ClInclude>
    <ClInclude Include="src\HuaEngine\Core\KeyCodes.h">
      <Filter>src\HuaEngine\Core</Filter>
    </ClInclude>
    <ClInclude Include="src\HuaEngine\Core\Layer.h">
      <Filter>src\HuaEngine\Core</Filter>
    </ClInclude>
    <ClInclude Include="src\HuaEngine\Core\LayerStack.h">
      <Filter>src\HuaEngine\Core</Filter>
    </ClInclude>
    <ClInclude Include="src\HuaEngine\Core\Log.h">
      <Filter>src\HuaEngine\Core</Filter>
    </ClInclude>
    <ClInclude Include="src\HuaEngine\Core\MouseCodes.h">
      <Filter>src\HuaEngine\Core</Filter>
    </ClInclude>
    <ClInclude Include="src\HuaEngine\Core\Window.h">
      <Filter>src\HuaEngine\Core</Filter>
    </ClInclude>
    <ClInclude Include="src\HuaEngine\EntryPoint.h">
      <Filter>src\HuaEngine</Filter>
    </ClInclude>
    <ClInclude Include="src\HuaEngine\Events\ApplicationEvent.h">
      <Filter>src\HuaEngine\Events</Filter>
    </ClInclude>
    <ClInclude Include="src\HuaEngine\Events\Event.h">
      <Filter>src\HuaEngine\Events</Filter>
    </ClInclude>
    <ClInclude Include="src\HuaEngine\Events\KeyEvent.h">
      <Filter>src\HuaEngine\Events</Filter>
    </ClInclude>
    <ClInclude Include="src\HuaEngine\Events\MouseEvent.h">
      <Filter>src\HuaEngine\Events</Filter>
    </ClInclude>
    <ClInclude Include="src\HuaEngine\GUI\ImguiLayer.h">
      <Filter>src\HuaEngine\GUI</Filter>
    </ClInclude>
    <ClInclude Include="src\HuaEngine\Platform\OpenGL\OpenGLContext.h">
      <Filter>src\HuaEngine\Platform\OpenGL</Filter>
    </ClInclude>
    <ClInclude Include="src\HuaEngine\Platform\OpenGL\OpenGLIndexBuffer.h">
      <Filter>src\HuaEngine\Platform\OpenGL</Filter>
    </ClInclude>
    <ClInclude Include="src\HuaEngine\Platform\OpenGL\OpenGLRendererAPI.h">
      <Filter>src\HuaEngine\Platform\OpenGL</Filter>
    </ClInclude>
    <ClInclude Include="src\HuaEngine\Platform\OpenGL\OpenGLShader.h">
      <Filter>src\HuaEngine\Platform\OpenGL</Filter>
    </ClInclude>
    <ClInclude Include="src\HuaEngine\Platform\OpenGL\OpenGLTexture2D.h">
      <Filter>src\HuaEngine\Platform\OpenGL</Filter>
    </ClInclude>
    <ClInclude Include="src\HuaEngine\Platform\OpenGL\OpenGLVertexArray.h">
      <Filter>src\HuaEngine\Platform\OpenGL</Filter>
    </ClInclude>
    <ClInclude Include="src\HuaEngine\Platform\OpenGL\OpenGLVertexBuffer.h">
      <Filter>src\HuaEngine\Platform\OpenGL</Filter>
    </ClInclude>
    <ClInclude Include="src\HuaEngine\Platform\Windows\WindowsInput.h">
      <Filter>src\HuaEngine\Platform\Windows</Filter>
    </ClInclude>
    <ClInclude Include="src\HuaEngine\Platform\Windows\WindowsWindow.h">
      <Filter>src\HuaEngine\Platform\Windows</Filter>
    </ClInclude>
    <ClInclude Include="src\HuaEngine\Profiling\Profiler.h">
      <Filter>src\HuaEngine\Profiling</Filter>
    </ClInclude>
    <ClInclude Include="src\HuaEngine\Renderer\Buffer.h">
      <Filter>src\HuaEngine\Renderer</Filter>
    </ClInclude>
    <ClInclude Include="src\HuaEngine\Renderer\IndexBuffer.h">
      <Filter>src\HuaEngine\Renderer</Filter>
    </ClInclude>
    <ClInclude Include="src\HuaEngine\Renderer\RenderCommand.h">
      <Filter>src\HuaEngine\Renderer</Filter>
    </ClInclude>
    <ClInclude Include="src\HuaEngine\Renderer\RenderContext.h">
      <Filter>src\HuaEngine\Renderer</Filter>
    </ClInclude>
    <ClInclude Include="src\HuaEngine\Renderer\Renderer.h">
      <Filter>src\HuaEngine\Renderer</Filter>
    </ClInclude>
    <ClInclude Include="src\HuaEngine\Renderer\RendererAPI.h">
      <Filter>src\HuaEngine\Renderer</Filter>
    </ClInclude>
    <ClInclude Include="src\HuaEngine\Renderer\Shader.h">
      <Filter>src\HuaEngine\Renderer</Filter>
    </ClInclude>
    <ClInclude Include="src\HuaEngine\Renderer\Texture.h">
      <Filter>src\HuaEngine\Renderer</Filter>
    </ClInclude>
    <ClInclude Include="src\HuaEngine\Renderer\VertexArray.h">
      <Filter>src\HuaEngine\Renderer</Filter>
    </ClInclude>
    <ClInclude Include="src\HuaEngine\Renderer\VertexBuffer.h">
      <Filter>src\HuaEngine\Renderer</Filter>
    </ClInclude>
    <ClInclude Include="src\enginepch.h">
      <Filter>src</Filter>
    </ClInclude>
  </ItemGroup>
  <ItemGroup>
    <ClCompile Include="..\Dependencies\stb_image\stb_image.cpp">
      <Filter>Dependencies\stb_image</Filter>
    </ClCompile>
    <ClCompile Include="src\HuaEngine\Application.cpp">
      <Filter>src\HuaEngine</Filter>
    </ClCompile>
    <ClCompile Include="src\HuaEngine\Core\Layer.cpp">
      <Filter>src\HuaEngine\Core</Filter>
    </ClCompile>
    <ClCompile Include="src\HuaEngine\Core\LayerStack.cpp">
      <Filter>src\HuaEngine\Core</Filter>
    </ClCompile>
    <ClCompile Include="src\HuaEngine\Core\Log.cpp">
      <Filter>src\HuaEngine\Core</Filter>
    </ClCompile>
    <ClCompile Include="src\HuaEngine\Core\Window.cpp">
      <Filter>src\HuaEngine\Core</Filter>
    </ClCompile>
    <ClCompile Include="src\HuaEngine\GUI\ImguiBuild.cpp">
      <Filter>src\HuaEngine\GUI</Filter>
    </ClCompile>
    <ClCompile Include="src\HuaEngine\GUI\ImguiLayer.cpp">
      <Filter>src\HuaEngine\GUI</Filter>
    </ClCompile>
    <ClCompile Include="src\HuaEngine\Platform\OpenGL\OpenGLContext.cpp">
      <Filter>src\HuaEngine\Platform\OpenGL</Filter>
    </ClCompile>
    <ClCompile Include="src\HuaEngine\Platform\OpenGL\OpenGLIndexBuffer.cpp">
      <Filter>src\HuaEngine\Platform\OpenGL</Filter>
    </ClCompile>
    <ClCompile Include="src\HuaEngine\Platform\OpenGL\OpenGLRendererAPI.cpp">
      <Filter>src\HuaEngine\Platform\OpenGL</Filter>
    </ClCompile>
    <ClCompile Include="src\HuaEngine\Platform\OpenGL\OpenGLShader.cpp">
      <Filter>src\HuaEngine\Platform\OpenGL</Filter>
    </ClCompile>
    <ClCompile Include="src\HuaEngine\Platform\OpenGL\OpenGLTexture2D.cpp">
      <Filter>src\HuaEngine\Platform\OpenGL</Filter>
    </ClCompile>
    <ClCompile Include="src\HuaEngine\Platform\OpenGL\OpenGLVertexArray.cpp">
      <Filter>src\HuaEngine\Platform\OpenGL</Filter>
    </ClCompile>
    <ClCompile Include="src\HuaEngine\Platform\OpenGL\OpenGLVertexBuffer.cpp">
      <Filter>src\HuaEngine\Platform\OpenGL</Filter>
    </ClCompile>
    <ClCompile Include="src\HuaEngine\Platform\Windows\WindowsInput.cpp">
      <Filter>src\HuaEngine\Platform\Windows</Filter>
    </ClCompile>
    <ClCompile Include="src\HuaEngine\Platform\Windows\WindowsWindow.cpp">
      <Filter>src\HuaEngine\Platform\Windows</Filter>
    </ClCompile>
    <ClCompile Include="src\HuaEngine\Renderer\IndexBuffer.cpp">
      <Filter>src\HuaEngine\Renderer</Filter>
    </ClCompile>
    <ClCompile Include="src\HuaEngine\Renderer\RenderCommand.cpp">
      <Filter>src\HuaEngine\Renderer</Filter>
    </ClCompile>
    <ClCompile Include="src\HuaEngine\Renderer\Renderer.cpp">
      <Filter>src\HuaEngine\Renderer</Filter>
    </ClCompile>
    <ClCompile Include="src\HuaEngine\Renderer\RendererAPI.cpp">
      <Filter>src\HuaEngine\Renderer</Filter>
    </ClCompile>
    <ClCompile Include="src\HuaEngine\Renderer\Texture.cpp">
      <Filter>src\HuaEngine\Renderer</Filter>
    </ClCompile>
    <ClCompile Include="src\HuaEngine\Renderer\VertexArray.cpp">
      <Filter>src\HuaEngine\Renderer</Filter>
    </ClCompile>
    <ClCompile Include="src\HuaEngine\Renderer\VertexBuffer.cpp">
      <Filter>src\HuaEngine\Renderer</Filter>
    </ClCompile>
    <ClCompile Include="src\enginepch.cpp">
      <Filter>src</Filter>
    </ClCompile>
  </ItemGroup>
</Project>